Microsoft Visual Studio Solution File, Format Version 12.00
# Visual Studio 15
VisualStudioVersion = 15.0.26403.7
MinimumVisualStudioVersion = 10.0.40219.1
Project("{8BC9CEB8-8B4A-11D0-8D11-00A0C91BC942}") = "AR", "ARToolKit5\AR.vcxproj", "{5360DD44-7BCE-4E9D-B6C7-30E5992EF89B}"
EndProject
Project("{8BC9CEB8-8B4A-11D0-8D11-00A0C91BC942}") = "ARMulti", "ARToolKit5\ARMulti.vcxproj", "{AFE2444E-B719-4C1A-8951-C876E1F62477}"
	ProjectSection(ProjectDependencies) = postProject
		{5360DD44-7BCE-4E9D-B6C7-30E5992EF89B} = {5360DD44-7BCE-4E9D-B6C7-30E5992EF89B}
	EndProjectSection
EndProject
Project("{8BC9CEB8-8B4A-11D0-8D11-00A0C91BC942}") = "ARICP", "ARToolKit5\ARICP.vcxproj", "{1E589AAD-7017-78D9-B916-D4263B136F41}"
	ProjectSection(ProjectDependencies) = postProject
		{5360DD44-7BCE-4E9D-B6C7-30E5992EF89B} = {5360DD44-7BCE-4E9D-B6C7-30E5992EF89B}
		{AFE2444E-B719-4C1A-8951-C876E1F62477} = {AFE2444E-B719-4C1A-8951-C876E1F62477}
	EndProjectSection
EndProject
Project("{8BC9CEB8-8B4A-11D0-8D11-00A0C91BC942}") = "ARToolKitUWP", "ARToolKitUWP\ARToolKitUWP.vcxproj", "{F5E3E33A-CB5F-4930-8141-123B04EB03A3}"
	ProjectSection(ProjectDependencies) = postProject
		{5360DD44-7BCE-4E9D-B6C7-30E5992EF89B} = {5360DD44-7BCE-4E9D-B6C7-30E5992EF89B}
		{AFE2444E-B719-4C1A-8951-C876E1F62477} = {AFE2444E-B719-4C1A-8951-C876E1F62477}
		{1E589AAD-7017-78D9-B916-D4263B136F41} = {1E589AAD-7017-78D9-B916-D4263B136F41}
	EndProjectSection
EndProject
Global
	GlobalSection(SolutionConfigurationPlatforms) = preSolution
		Debug|ARM64 = Debug|ARM64
		Debug|Win32 = Debug|Win32
		Debug|x64 = Debug|x64
		Release|ARM64 = Release|ARM64
		Release|Win32 = Release|Win32
		Release|x64 = Release|x64
	EndGlobalSection
	GlobalSection(ProjectConfigurationPlatforms) = postSolution
		{5360DD44-7BCE-4E9D-B6C7-30E5992EF89B}.Debug|ARM64.ActiveCfg = Debug|ARM64
		{5360DD44-7BCE-4E9D-B6C7-30E5992EF89B}.Debug|ARM64.Build.0 = Debug|ARM64
		{5360DD44-7BCE-4E9D-B6C7-30E5992EF89B}.Debug|Win32.ActiveCfg = Debug|Win32
		{5360DD44-7BCE-4E9D-B6C7-30E5992EF89B}.Debug|Win32.Build.0 = Debug|Win32
		{5360DD44-7BCE-4E9D-B6C7-30E5992EF89B}.Debug|x64.ActiveCfg = Debug|x64
		{5360DD44-7BCE-4E9D-B6C7-30E5992EF89B}.Debug|x64.Build.0 = Debug|x64
		{5360DD44-7BCE-4E9D-B6C7-30E5992EF89B}.Release|ARM64.ActiveCfg = Release|ARM64
		{5360DD44-7BCE-4E9D-B6C7-30E5992EF89B}.Release|ARM64.Build.0 = Release|ARM64
		{5360DD44-7BCE-4E9D-B6C7-30E5992EF89B}.Release|Win32.ActiveCfg = Release|Win32
		{5360DD44-7BCE-4E9D-B6C7-30E5992EF89B}.Release|Win32.Build.0 = Release|Win32
		{5360DD44-7BCE-4E9D-B6C7-30E5992EF89B}.Release|x64.ActiveCfg = Release|x64
		{5360DD44-7BCE-4E9D-B6C7-30E5992EF89B}.Release|x64.Build.0 = Release|x64
		{AFE2444E-B719-4C1A-8951-C876E1F62477}.Debug|ARM64.ActiveCfg = Debug|ARM64
		{AFE2444E-B719-4C1A-8951-C876E1F62477}.Debug|ARM64.Build.0 = Debug|ARM64
		{AFE2444E-B719-4C1A-8951-C876E1F62477}.Debug|Win32.ActiveCfg = Debug|Win32
		{AFE2444E-B719-4C1A-8951-C876E1F62477}.Debug|Win32.Build.0 = Debug|Win32
		{AFE2444E-B719-4C1A-8951-C876E1F62477}.Debug|x64.ActiveCfg = Debug|x64
		{AFE2444E-B719-4C1A-8951-C876E1F62477}.Debug|x64.Build.0 = Debug|x64
		{AFE2444E-B719-4C1A-8951-C876E1F62477}.Release|ARM64.ActiveCfg = Release|ARM64
		{AFE2444E-B719-4C1A-8951-C876E1F62477}.Release|Win32.ActiveCfg = Release|Win32
		{AFE2444E-B719-4C1A-8951-C876E1F62477}.Release|Win32.Build.0 = Release|Win32
		{AFE2444E-B719-4C1A-8951-C876E1F62477}.Release|x64.ActiveCfg = Release|x64
		{AFE2444E-B719-4C1A-8951-C876E1F62477}.Release|x64.Build.0 = Release|x64
		{1E589AAD-7017-78D9-B916-D4263B136F41}.Debug|ARM64.ActiveCfg = Debug|ARM64
		{1E589AAD-7017-78D9-B916-D4263B136F41}.Debug|ARM64.Build.0 = Debug|ARM64
		{1E589AAD-7017-78D9-B916-D4263B136F41}.Debug|Win32.ActiveCfg = Debug|Win32
		{1E589AAD-7017-78D9-B916-D4263B136F41}.Debug|Win32.Build.0 = Debug|Win32
		{1E589AAD-7017-78D9-B916-D4263B136F41}.Debug|x64.ActiveCfg = Debug|x64
		{1E589AAD-7017-78D9-B916-D4263B136F41}.Debug|x64.Build.0 = Debug|x64
		{1E589AAD-7017-78D9-B916-D4263B136F41}.Release|ARM64.ActiveCfg = Release|ARM64
		{1E589AAD-7017-78D9-B916-D4263B136F41}.Release|Win32.ActiveCfg = Release|Win32
		{1E589AAD-7017-78D9-B916-D4263B136F41}.Release|Win32.Build.0 = Release|Win32
		{1E589AAD-7017-78D9-B916-D4263B136F41}.Release|x64.ActiveCfg = Release|x64
		{1E589AAD-7017-78D9-B916-D4263B136F41}.Release|x64.Build.0 = Release|x64
		{F5E3E33A-CB5F-4930-8141-123B04EB03A3}.Debug|ARM64.ActiveCfg = Debug|ARM64
		{F5E3E33A-CB5F-4930-8141-123B04EB03A3}.Debug|ARM64.Build.0 = Debug|ARM64
		{F5E3E33A-CB5F-4930-8141-123B04EB03A3}.Debug|Win32.ActiveCfg = Debug|Win32
		{F5E3E33A-CB5F-4930-8141-123B04EB03A3}.Debug|Win32.Build.0 = Debug|Win32
		{F5E3E33A-CB5F-4930-8141-123B04EB03A3}.Debug|x64.ActiveCfg = Debug|Win32
		{F5E3E33A-CB5F-4930-8141-123B04EB03A3}.Release|ARM64.ActiveCfg = Release|ARM64
		{F5E3E33A-CB5F-4930-8141-123B04EB03A3}.Release|Win32.ActiveCfg = Release|Win32
		{F5E3E33A-CB5F-4930-8141-123B04EB03A3}.Release|Win32.Build.0 = Release|Win32
		{F5E3E33A-CB5F-4930-8141-123B04EB03A3}.Release|x64.ActiveCfg = Release|Win32
	EndGlobalSection
	GlobalSection(SolutionProperties) = preSolution
		HideSolutionNode = FALSE
	EndGlobalSection
	GlobalSection(ExtensibilityGlobals) = postSolution
		SolutionGuid = {64DBA9FC-FE82-47E7-9EA0-260EFD0E0294}
	EndGlobalSection
EndGlobal
